
Microsoft Visual Studio Solution File, Format Version 12.00
Project("{FAE04EC0-301F-11D3-BF4B-00C04F79EFBC}") = "LocalMusicPlayer", "LocalMusicPlayer.csproj", "{808E3FFA-D3A5-43CC-AEE8-1A55EFC81A47}"
EndProject
Global
	GlobalSection(SolutionConfigurationPlatforms) = preSolution
		Debug|Any CPU = Debug|Any CPU
		Release|Any CPU = Release|Any CPU
	EndGlobalSection
	GlobalSection(ProjectConfigurationPlatforms) = postSolution
		{808E3FFA-D3A5-43CC-AEE8-1A55EFC81A47}.Debug|Any CPU.ActiveCfg = Debug|Any CPU
		{808E3FFA-D3A5-43CC-AEE8-1A55EFC81A47}.Debug|Any CPU.Build.0 = Debug|Any CPU
		{808E3FFA-D3A5-43CC-AEE8-1A55EFC81A47}.Release|Any CPU.ActiveCfg = Release|Any CPU
		{808E3FFA-D3A5-43CC-AEE8-1A55EFC81A47}.Release|Any CPU.Build.0 = Release|Any CPU
	EndGlobalSection
EndGlobal
